
Microsoft Visual Studio Solution File, Format Version 12.00
# Visual Studio Version 17
VisualStudioVersion = 17.11.35222.181
MinimumVisualStudioVersion = 10.0.40219.1
Project("{FAE04EC0-301F-11D3-BF4B-00C04F79EFBC}") = "AreaCirculoAppMvvm", "AreaCirculoAppMvvm\AreaCirculoAppMvvm.csproj", "{B8CC88B4-D2FB-4EE2-A05F-806C552E6100}"
EndProject
Global
	GlobalSection(SolutionConfigurationPlatforms) = preSolution
		Debug|Any CPU = Debug|Any CPU
		Release|Any CPU = Release|Any CPU
	EndGlobalSection
	GlobalSection(ProjectConfigurationPlatforms) = postSolution
		{B8CC88B4-D2FB-4EE2-A05F-806C552E6100}.Debug|Any CPU.ActiveCfg = Debug|Any CPU
		{B8CC88B4-D2FB-4EE2-A05F-806C552E6100}.Debug|Any CPU.Build.0 = Debug|Any CPU
		{B8CC88B4-D2FB-4EE2-A05F-806C552E6100}.Debug|Any CPU.Deploy.0 = Debug|Any CPU
		{B8CC88B4-D2FB-4EE2-A05F-806C552E6100}.Release|Any CPU.ActiveCfg = Release|Any CPU
		{B8CC88B4-D2FB-4EE2-A05F-806C552E6100}.Release|Any CPU.Build.0 = Release|Any CPU
		{B8CC88B4-D2FB-4EE2-A05F-806C552E6100}.Release|Any CPU.Deploy.0 = Release|Any CPU
	EndGlobalSection
	GlobalSection(SolutionProperties) = preSolution
		HideSolutionNode = FALSE
	EndGlobalSection
	GlobalSection(ExtensibilityGlobals) = postSolution
		SolutionGuid = {91586C74-8649-47FF-86B2-65F5A5C91E8D}
	EndGlobalSection
EndGlobal
